
Microsoft Visual Studio Solution File, Format Version 12.00
# Visual Studio Version 17
VisualStudioVersion = 17.0.31825.309
MinimumVisualStudioVersion = 10.0.40219.1
Project("{FAE04EC0-301F-11D3-BF4B-00C04F79EFBC}") = "L1_task01", "LaboratoryWorkNo2\L1_task01.csproj", "{B3E55F87-4375-44A8-BBB1-2AF9CB64962E}"
EndProject
Project("{FAE04EC0-301F-11D3-BF4B-00C04F79EFBC}") = "L1_task02", "L1_task02\L1_task02.csproj", "{3C20E13D-D52F-4E26-8BAE-06D66BD45A9B}"
EndProject
Project("{FAE04EC0-301F-11D3-BF4B-00C04F79EFBC}") = "L1_task03", "L1_task03\L1_task03.csproj", "{EA4B3FE1-BD0F-47E2-8AE3-B28E56C363BC}"
EndProject
Project("{FAE04EC0-301F-11D3-BF4B-00C04F79EFBC}") = "L2_task01", "L2_task01\L2_task01.csproj", "{50DDBE9A-872C-46DB-882F-0F8555E28C1C}"
EndProject
Project("{FAE04EC0-301F-11D3-BF4B-00C04F79EFBC}") = "L2_task02", "L2_task02\L2_task02.csproj", "{38CF0523-3C4C-47C4-838C-00B559FE4072}"
EndProject
Project("{FAE04EC0-301F-11D3-BF4B-00C04F79EFBC}") = "L3_task04", "L3_task04\L3_task04.csproj", "{D1C75819-0788-4227-9E73-253DA4FA915C}"
EndProject
Project("{FAE04EC0-301F-11D3-BF4B-00C04F79EFBC}") = "L3_task12", "L3_task12\L3_task12.csproj", "{C0CA578F-61E2-4B81-9997-A28C7D2ACC6B}"
EndProject
Project("{FAE04EC0-301F-11D3-BF4B-00C04F79EFBC}") = "L3_task13", "L3_task13\L3_task13.csproj", "{DFEC7641-967F-4233-A57F-6A81260D3E3B}"
EndProject
Project("{FAE04EC0-301F-11D3-BF4B-00C04F79EFBC}") = "L3_task11", "L3_task11\L3_task11.csproj", "{29816183-9203-4BCD-B54F-763FE098C0C4}"
EndProject
Global
	GlobalSection(SolutionConfigurationPlatforms) = preSolution
		Debug|Any CPU = Debug|Any CPU
		Release|Any CPU = Release|Any CPU
	EndGlobalSection
	GlobalSection(ProjectConfigurationPlatforms) = postSolution
		{B3E55F87-4375-44A8-BBB1-2AF9CB64962E}.Debug|Any CPU.ActiveCfg = Debug|Any CPU
		{B3E55F87-4375-44A8-BBB1-2AF9CB64962E}.Debug|Any CPU.Build.0 = Debug|Any CPU
		{B3E55F87-4375-44A8-BBB1-2AF9CB64962E}.Release|Any CPU.ActiveCfg = Release|Any CPU
		{B3E55F87-4375-44A8-BBB1-2AF9CB64962E}.Release|Any CPU.Build.0 = Release|Any CPU
		{3C20E13D-D52F-4E26-8BAE-06D66BD45A9B}.Debug|Any CPU.ActiveCfg = Debug|Any CPU
		{3C20E13D-D52F-4E26-8BAE-06D66BD45A9B}.Debug|Any CPU.Build.0 = Debug|Any CPU
		{3C20E13D-D52F-4E26-8BAE-06D66BD45A9B}.Release|Any CPU.ActiveCfg = Release|Any CPU
		{3C20E13D-D52F-4E26-8BAE-06D66BD45A9B}.Release|Any CPU.Build.0 = Release|Any CPU
		{EA4B3FE1-BD0F-47E2-8AE3-B28E56C363BC}.Debug|Any CPU.ActiveCfg = Debug|Any CPU
		{EA4B3FE1-BD0F-47E2-8AE3-B28E56C363BC}.Debug|Any CPU.Build.0 = Debug|Any CPU
		{EA4B3FE1-BD0F-47E2-8AE3-B28E56C363BC}.Release|Any CPU.ActiveCfg = Release|Any CPU
		{EA4B3FE1-BD0F-47E2-8AE3-B28E56C363BC}.Release|Any CPU.Build.0 = Release|Any CPU
		{50DDBE9A-872C-46DB-882F-0F8555E28C1C}.Debug|Any CPU.ActiveCfg = Debug|Any CPU
		{50DDBE9A-872C-46DB-882F-0F8555E28C1C}.Debug|Any CPU.Build.0 = Debug|Any CPU
		{50DDBE9A-872C-46DB-882F-0F8555E28C1C}.Release|Any CPU.ActiveCfg = Release|Any CPU
		{50DDBE9A-872C-46DB-882F-0F8555E28C1C}.Release|Any CPU.Build.0 = Release|Any CPU
		{38CF0523-3C4C-47C4-838C-00B559FE4072}.Debug|Any CPU.ActiveCfg = Debug|Any CPU
		{38CF0523-3C4C-47C4-838C-00B559FE4072}.Debug|Any CPU.Build.0 = Debug|Any CPU
		{38CF0523-3C4C-47C4-838C-00B559FE4072}.Release|Any CPU.ActiveCfg = Release|Any CPU
		{38CF0523-3C4C-47C4-838C-00B559FE4072}.Release|Any CPU.Build.0 = Release|Any CPU
		{D1C75819-0788-4227-9E73-253DA4FA915C}.Debug|Any CPU.ActiveCfg = Debug|Any CPU
		{D1C75819-0788-4227-9E73-253DA4FA915C}.Debug|Any CPU.Build.0 = Debug|Any CPU
		{D1C75819-0788-4227-9E73-253DA4FA915C}.Release|Any CPU.ActiveCfg = Release|Any CPU
		{D1C75819-0788-4227-9E73-253DA4FA915C}.Release|Any CPU.Build.0 = Release|Any CPU
		{C0CA578F-61E2-4B81-9997-A28C7D2ACC6B}.Debug|Any CPU.ActiveCfg = Debug|Any CPU
		{C0CA578F-61E2-4B81-9997-A28C7D2ACC6B}.Debug|Any CPU.Build.0 = Debug|Any CPU
		{C0CA578F-61E2-4B81-9997-A28C7D2ACC6B}.Release|Any CPU.ActiveCfg = Release|Any CPU
		{C0CA578F-61E2-4B81-9997-A28C7D2ACC6B}.Release|Any CPU.Build.0 = Release|Any CPU
		{DFEC7641-967F-4233-A57F-6A81260D3E3B}.Debug|Any CPU.ActiveCfg = Debug|Any CPU
		{DFEC7641-967F-4233-A57F-6A81260D3E3B}.Debug|Any CPU.Build.0 = Debug|Any CPU
		{DFEC7641-967F-4233-A57F-6A81260D3E3B}.Release|Any CPU.ActiveCfg = Release|Any CPU
		{DFEC7641-967F-4233-A57F-6A81260D3E3B}.Release|Any CPU.Build.0 = Release|Any CPU
		{29816183-9203-4BCD-B54F-763FE098C0C4}.Debug|Any CPU.ActiveCfg = Debug|Any CPU
		{29816183-9203-4BCD-B54F-763FE098C0C4}.Debug|Any CPU.Build.0 = Debug|Any CPU
		{29816183-9203-4BCD-B54F-763FE098C0C4}.Release|Any CPU.ActiveCfg = Release|Any CPU
		{29816183-9203-4BCD-B54F-763FE098C0C4}.Release|Any CPU.Build.0 = Release|Any CPU
	EndGlobalSection
	GlobalSection(SolutionProperties) = preSolution
		HideSolutionNode = FALSE
	EndGlobalSection
	GlobalSection(ExtensibilityGlobals) = postSolution
		SolutionGuid = {E0492143-4E58-4F38-B9BA-EDEB42C420ED}
	EndGlobalSection
EndGlobal
